
Microsoft Visual Studio Solution File, Format Version 12.00
# Visual Studio Version 17
VisualStudioVersion = 17.14.37531.7 d17.14
MinimumVisualStudioVersion = 10.0.40219.1
Project("{FAE04EC0-301F-11D3-BF4B-00C04F79EFBC}") = "Calculator", "Calculator\Calculator.csproj", "{2F0B1754-EB90-4358-B41B-294C20BE8523}"
EndProject
Global
	GlobalSection(SolutionConfigurationPlatforms) = preSolution
		Debug|Any CPU = Debug|Any CPU
		Release|Any CPU = Release|Any CPU
	EndGlobalSection
	GlobalSection(ProjectConfigurationPlatforms) = postSolution
		{2F0B1754-EB90-4358-B41B-294C20BE8523}.Debug|Any CPU.ActiveCfg = Debug|Any CPU
		{2F0B1754-EB90-4358-B41B-294C20BE8523}.Debug|Any CPU.Build.0 = Debug|Any CPU
		{2F0B1754-EB90-4358-B41B-294C20BE8523}.Release|Any CPU.ActiveCfg = Release|Any CPU
		{2F0B1754-EB90-4358-B41B-294C20BE8523}.Release|Any CPU.Build.0 = Release|Any CPU
	EndGlobalSection
	GlobalSection(SolutionProperties) = preSolution
		HideSolutionNode = FALSE
	EndGlobalSection
	GlobalSection(ExtensibilityGlobals) = postSolution
		SolutionGuid = {793E1A00-7640-4038-93A9-3D378A067FD8}
	EndGlobalSection
EndGlobal
